{
  "version": 4,
  "terraform_version": "0.12.25",
  "serial": 2276,
  "lineage": "96c16b0a-7161-bcbd-da15-205adfe01112",
  "outputs": {
    "balancer_dns": {
      "value": "balancer-1369901984.us-east-1.elb.amazonaws.com",
      "type": "string"
    },
    "private_key": {
      "value": "-----BEGIN RSA PRIVATE KEY-----\nMIIJKgIBAAKCAgEA0bgeGu2IioJ7VAI5PmjZaq1KF72Ayanotbx/T5DxoZD5f3sm\nIszFM1VUd77paRmFTLHkRHO3lxtBAmekmYkYLlGtpsQSWKABrf4z6i4+hT8lT6f7\nyo3Fxucqxi0YpmgXVKmNtdx8DmADuLVLyHO9rdjZVRs9UBG6MOKtmG3hTdGcjCuy\ncqg6S8NXAa9cu55wHtXj1CuG3p9CI6OUOXGMnhDpJJF13QASfVXPfT34lCA7GwEY\nXFJxmmbqojRY2+jt33U6VE/FLvSlnYiDqyCKzSOGfPtiXNsDP6twtVVX7mHpg0P5\nUx5IVc6Fb4k62imzj2EBbJTloBbAIBwts2LaGJNDakp/x/u2k48WQrROCY9pnZZk\nm1/ntbnEG4kgOHQX6tVG+7wQW6c5ZoMEluZkmwtN5ENY9dmXPYGXQo0TPTA3lI2I\nidrO5IFVEqBU+q7lkbDXExa1nfOHAlcTEGAaYcFxWi8M6FumXVQ/GL20HWaPMvyo\nNMDoQxe4qJB5UCEK3ypzlh8AOC5j8dVVboSMLoLvZZm2wL+AF3HEzOHuwdIDfpET\nAOD1nMt9LtTQUB4NVDoLxcQdpnu2H+KEBky1GtofqaG9WJcEtuh0ygsuMchFNxfY\nNLOr+RtKqD0aQrKdbfHzPHruNpLHsLYvUO+Zhc5IoFwY+9twMdGoYlyzqgMCAwEA\nAQKCAgEAhoQGK1d4YP9Yg4X5maI+8kG8aIXQeYlWDludfTeHBQ6sOayPxXp6cnak\n+zmlFRide5gOxilC9NUyWYyI80IQFIWnUHQrIFVhPmzyd56501WxZOpmgoF0/iOA\nOCTszq+tZ0xp7OBDYiULvgnrVeOHIl8Y55HVPepg9sIufrrb7MIqG25bw1dMLRRa\nVmZYoK77U4v12j0hAOI91gYyKLZAb5KBOEdkxiApu+Kyd66sJraVsrh9G5p164df\nsDLLXCKHkPDsPO/9liStpeHOMpFo9jN3K+tCKDUCXHBmlqjrAagj02JiJYIi+4a/\n586pxQ1CcxDRjQfkUU7GZNIuLgWVxUwa0wQwXwJvl/lOBkxn9poVjVwV1wsoo99C\nxgAgSST9QxyTppDJ65UWVlbzDF1R9/pOnwOnDkgofW1QTzcCs/ytOK+og1eZ9XdL\n65dD8LMQbNAkH4VkwJRqbh2M1JWnqnSvSf1kKY5/7r7DT0lH3BTtxRPWNk6YH87A\nC8kR3d2fRimvOeVnaSqqBDCm4um7LuvgaXQRKxyxptKXiP6m200HcUT/K+xxSgmb\npWyf9/NHt7PutVxqzOglu5TnRTF7m2kz9Bf/+m1AA4BlopWHK8GMN60eYvx2Zilg\nutlBNrHk9ElMMp6H+lzRkgO2/JWOa9YkEJr8PZHsS+jdouvDUcECggEBAPCuxQmR\ntu15L5yIEGQluyTd2l+bpOoovAdRZyEOvH6ZCWEaKF+RmBQ05Nil0dH6Z6dYJkls\n/nHizLdH4NpocKWEKt+54HsG5uVfIftbokrpFf9G6lSB2obBYRgiXfrI6s0QKJeQ\nQanmeUwyPfTsPPiy+qmIuNczr+XGiElYbJRYGsqvWV6J8kuzqPDfEzUFlykfn/uO\n0ODzDC2h2OXP5DVinG77/w6HMm9nO9LSIjXErgM1ptP6cMBn1rO8hnP+slmaxugk\nCruxbSjgbwU157GKTTnwcqxcv1Dp4ufuGOL2oGMQfIfBRgC8ZnKOvprDPnlvpk+D\n8GIVpFRJL2djI1sCggEBAN8Q4yJcnhVWS80aExGWRhKUroW3bcT9wdcLjnXRXFsv\nLIU12BWg9pcfbYlH4CQ8FEfuFcGQdU2AOjA42GigD/Msf5j/GHSTqKI2egQN4Ys5\nNq2WM9uI9oA3pNns6HXCfqZ3LLD0Vq39Mo1JjCV53g+4vVInJPeG7xaQ47x8OKR3\ngBZDhXA8f+YH6jaDPu1qO2vwhzRR49k2IVW8CMZoUuHFHfuyGiK9NIfZvK7kZyI9\nCSSAwVoaVbLP+wUCPj2Cd5NzYyCRhLuFRTcCkRVa0W3RSwGzuWNCo9TPlVsK/Dbq\ngrwSGzXhyJD/PSzLtiMsQt7AIxoGGLZ2Nu5q5KgOHHkCggEBAOBstwJDQ2WQGNtG\n7LHVlPm9fQClq1NFBH92Ykmq6gzKOrq2n2rt4fcFk1aI2GuJqNmcEqdo4KHlL6q/\ndWVy+Yb9BNV1B2LwfqDm4lL1kRF04rQUtjBynQgGjbjpYuSUMI1iQdeCBhic9gIc\n3zTgi8IDckRfXqwcYCpLw41QzH5O4TyZ4SWMT8hTEHb6K3jHa7pG6PCyrQb02yg5\nwHwaK9uzxdafV6d+XYMPqfLdSlUEvpXzk0oaPsTKjqMuadkDZ96xukOASBnYScdR\n73PWXeNo6LXcBbG/Eg4q6RAHLmGEQu3c06HqkJHjG0w62nSJFlo5x8RhbOao84A8\ndd1bzf0CggEBAMGsAtkBuwthipzAR9AcPijByKk2cmr3u4X/dagbp2lQEwJxlnRo\n9dCOK+dmbVhohV9Serc9umsYquzVXiew2UhT2VE4Ir6MuXxlehjtCGd9vFiIseup\nBgSay1me1NHxlU7o5/eXnW6hCHQdaD3diozx5AZhEDqNgCaClAhBflhlnOM3qrKh\nBJbvRk4gM9GkS4VTJ8CoXQBpfBXZFXFWgKefIoI2x3Rj/Cj7RlQ+4MCcZ8S2uamG\ndeOzqglWQj3begCezXEohyrc8hRp+Rema3FCpzIKHirtYBtURCPw7LytbebmfZOR\nvjcONMog8LmnI0QNZCyjIG/DQbxNOMwkvFkCggEARBqP2LJHY8VQREYJhsT17EIF\n+pPBmVhBWfCIZP/Nuf/Jxk0IjqggT/xhNIQw7hm0HvLrwKKCMZbtSQGPydAjZcbF\ne/rCJtVGngWYqQ7o9IGOHN5U3ghl5/xAghNEvjJeOlIX7BEqPJ17QPeRG+HzdS6P\nKY08SSdHgZo75crvaRL49TCHRSst2LaHGR65lMaVMojDqymvePiV4a162DvBsAq5\nftjKruJBZ6A1w2vHJY3wvhcRbYqQIXhCaV8olEgDaQvd9Qv+qzhLYLa4o2htvG1X\ny5kaGpuYgJ2U/KsztndBPTE1yc53pjVIxTq0JUI4KrAvgvKHMvVAUtQpngWq8A==\n-----END RSA PRIVATE KEY-----\n",
      "type": "string"
    },
    "web_server_address": {
      "value": [
        "ec2-34-201-144-120.compute-1.amazonaws.com",
        "ec2-3-91-50-42.compute-1.amazonaws.com"
      ],
      "type": [
        "tuple",
        [
          "string",
          "string"
        ]
      ]
    }
  },
  "resources": [
    {
      "mode": "managed",
      "type": "aws_db_instance",
      "name": "my_database_instance",
      "provider": "provider.aws",
      "instances": [
        {
          "schema_version": 1,
          "attributes": {
            "address": "mysqldb.cmv6iddcw7nv.us-east-1.rds.amazonaws.com",
            "allocated_storage": 20,
            "allow_major_version_upgrade": null,
            "apply_immediately": null,
            "arn": "arn:aws:rds:us-east-1:776753018600:db:mysqldb",
            "auto_minor_version_upgrade": true,
            "availability_zone": "us-east-1a",
            "backup_retention_period": 0,
            "backup_window": "08:07-08:37",
            "ca_cert_identifier": "rds-ca-2019",
            "character_set_name": null,
            "copy_tags_to_snapshot": false,
            "db_subnet_group_name": "mydbsg",
            "delete_automated_backups": true,
            "deletion_protection": false,
            "domain": "",
            "domain_iam_role_name": "",
            "enabled_cloudwatch_logs_exports": null,
            "endpoint": "mysqldb.cmv6iddcw7nv.us-east-1.rds.amazonaws.com:3306",
            "engine": "mysql",
            "engine_version": "5.7.22",
            "final_snapshot_identifier": null,
            "hosted_zone_id": "Z2R2ITUGPM61AM",
            "iam_database_authentication_enabled": false,
            "id": "mysqldb",
            "identifier": "mysqldb",
            "identifier_prefix": null,
            "instance_class": "db.t2.micro",
            "iops": 0,
            "kms_key_id": "",
            "license_model": "general-public-license",
            "maintenance_window": "sun:04:01-sun:04:31",
            "max_allocated_storage": 0,
            "monitoring_interval": 0,
            "monitoring_role_arn": "",
            "multi_az": false,
            "name": "mydb",
            "option_group_name": "default:mysql-5-7",
            "parameter_group_name": "default.mysql5.7",
            "password": "mypassword",
            "performance_insights_enabled": false,
            "performance_insights_kms_key_id": "",
            "performance_insights_retention_period": 0,
            "port": 3306,
            "publicly_accessible": false,
            "replicas": [],
            "replicate_source_db": "",
            "resource_id": "db-W32COCYBXU774JPJCWB2YJ4ZVA",
            "s3_import": [],
            "security_group_names": null,
            "skip_final_snapshot": true,
            "snapshot_identifier": null,
            "status": "available",
            "storage_encrypted": false,
            "storage_type": "gp2",
            "tags": {
              "Name": "my_database_instance"
            },
            "timeouts": null,
            "timezone": "",
            "username": "myuser",
            "vpc_security_group_ids": [
              "sg-05b90a436befa6b3d"
            ]
          },
          "private": "eyJlMmJmYjczMC1lY2FhLTExZTYtOGY4OC0zNDM2M2JjN2M0YzAiOnsiY3JlYXRlIjoyNDAwMDAwMDAwMDAwLCJkZWxldGUiOjI0MDAwMDAwMDAwMDAsInVwZGF0ZSI6NDgwMDAwMDAwMDAwMH0sInNjaGVtYV92ZXJzaW9uIjoiMSJ9",
          "dependencies": [
            "aws_db_subnet_group.my_database_subnet_group",
            "aws_security_group.db_security_group",
            "aws_subnet.myvpc_private_subnet_one",
            "aws_subnet.myvpc_private_subnet_two",
            "aws_vpc.myvpc"
          ]
        }
      ]
    },
    {
      "mode": "managed",
      "type": "aws_db_subnet_group",
      "name": "my_database_subnet_group",
      "provider": "provider.aws",
      "instances": [
        {
          "schema_version": 0,
          "attributes": {
            "arn": "arn:aws:rds:us-east-1:776753018600:subgrp:mydbsg",
            "description": "Managed by Terraform",
            "id": "mydbsg",
            "name": "mydbsg",
            "name_prefix": null,
            "subnet_ids": [
              "subnet-0209a4bf7a247fa9c",
              "subnet-0801c4c910fd6a6c9"
            ],
            "tags": {
              "Name": "my_database_subnet_group"
            }
          },
          "private": "bnVsbA==",
          "dependencies": [
            "aws_subnet.myvpc_private_subnet_one",
            "aws_subnet.myvpc_private_subnet_two",
            "aws_vpc.myvpc"
          ]
        }
      ]
    },
    {
      "mode": "managed",
      "type": "aws_elb",
      "name": "elb",
      "provider": "provider.aws",
      "instances": [
        {
          "schema_version": 0,
          "attributes": {
            "access_logs": [],
            "arn": "arn:aws:elasticloadbalancing:us-east-1:776753018600:loadbalancer/balancer",
            "availability_zones": [
              "us-east-1a"
            ],
            "connection_draining": false,
            "connection_draining_timeout": 300,
            "cross_zone_load_balancing": true,
            "dns_name": "balancer-1369901984.us-east-1.elb.amazonaws.com",
            "health_check": [
              {
                "healthy_threshold": 2,
                "interval": 30,
                "target": "HTTP:80/",
                "timeout": 3,
                "unhealthy_threshold": 2
              }
            ],
            "id": "balancer",
            "idle_timeout": 60,
            "instances": [
              "i-006f72fa4db188833",
              "i-0745be142c805e36f"
            ],
            "internal": false,
            "listener": [
              {
                "instance_port": 80,
                "instance_protocol": "http",
                "lb_port": 80,
                "lb_protocol": "http",
                "ssl_certificate_id": ""
              }
            ],
            "name": "balancer",
            "name_prefix": null,
            "security_groups": [
              "sg-0b386c165be012a30"
            ],
            "source_security_group": "776753018600/web_security_group",
            "source_security_group_id": "sg-0b386c165be012a30",
            "subnets": [
              "subnet-078b6ecfbd954fa73"
            ],
            "tags": null,
            "zone_id": "Z35SXDOTRQ7X7K"
          },
          "private": "bnVsbA==",
          "dependencies": [
            "aws_db_instance.my_database_instance",
            "aws_db_subnet_group.my_database_subnet_group",
            "aws_instance.my_web_instance",
            "aws_key_pair.deployer",
            "aws_security_group.db_security_group",
            "aws_security_group.web_security_group",
            "aws_subnet.myvpc_private_subnet_one",
            "aws_subnet.myvpc_private_subnet_two",
            "aws_subnet.myvpc_public_subnet",
            "aws_vpc.myvpc",
            "tls_private_key.key"
          ]
        }
      ]
    },
    {
      "mode": "managed",
      "type": "aws_instance",
      "name": "my_web_instance",
      "each": "list",
      "provider": "provider.aws",
      "instances": [
        {
          "index_key": 0,
          "schema_version": 1,
          "attributes": {
            "ami": "ami-0323c3dd2da7fb37d",
            "arn": "arn:aws:ec2:us-east-1:776753018600:instance/i-0745be142c805e36f",
            "associate_public_ip_address": true,
            "availability_zone": "us-east-1a",
            "cpu_core_count": 1,
            "cpu_threads_per_core": 1,
            "credit_specification": [
              {
                "cpu_credits": "standard"
              }
            ],
            "disable_api_termination": false,
            "ebs_block_device": [],
            "ebs_optimized": false,
            "ephemeral_block_device": [],
            "get_password_data": false,
            "hibernation": false,
            "host_id": null,
            "iam_instance_profile": "",
            "id": "i-0745be142c805e36f",
            "instance_initiated_shutdown_behavior": null,
            "instance_state": "running",
            "instance_type": "t2.micro",
            "ipv6_address_count": 0,
            "ipv6_addresses": [],
            "key_name": "deployer-key",
            "metadata_options": [
              {
                "http_endpoint": "enabled",
                "http_put_response_hop_limit": 1,
                "http_tokens": "optional"
              }
            ],
            "monitoring": false,
            "network_interface": [],
            "network_interface_id": null,
            "outpost_arn": "",
            "password_data": "",
            "placement_group": "",
            "primary_network_interface_id": "eni-0e8a8e4071f2f38c6",
            "private_dns": "ip-10-0-1-32.ec2.internal",
            "private_ip": "10.0.1.32",
            "public_dns": "ec2-34-201-144-120.compute-1.amazonaws.com",
            "public_ip": "34.201.144.120",
            "root_block_device": [
              {
                "delete_on_termination": true,
                "device_name": "/dev/xvda",
                "encrypted": false,
                "iops": 100,
                "kms_key_id": "",
                "volume_id": "vol-0d32de4ed4da4ccac",
                "volume_size": 8,
                "volume_type": "gp2"
              }
            ],
            "security_groups": [],
            "source_dest_check": true,
            "subnet_id": "subnet-078b6ecfbd954fa73",
            "tags": {
              "Name": "my_web_instance"
            },
            "tenancy": "default",
            "timeouts": null,
            "user_data": null,
            "user_data_base64": null,
            "volume_tags": {
              "Name": "my_web_instance_volume"
            },
            "vpc_security_group_ids": [
              "sg-0b386c165be012a30"
            ]
          },
          "private": "eyJlMmJmYjczMC1lY2FhLTExZTYtOGY4OC0zNDM2M2JjN2M0YzAiOnsiY3JlYXRlIjo2MDAwMDAwMDAwMDAsImRlbGV0ZSI6MTIwMDAwMDAwMDAwMCwidXBkYXRlIjo2MDAwMDAwMDAwMDB9LCJzY2hlbWFfdmVyc2lvbiI6IjEifQ==",
          "dependencies": [
            "aws_db_instance.my_database_instance",
            "aws_db_subnet_group.my_database_subnet_group",
            "aws_key_pair.deployer",
            "aws_security_group.db_security_group",
            "aws_security_group.web_security_group",
            "aws_subnet.myvpc_private_subnet_one",
            "aws_subnet.myvpc_private_subnet_two",
            "aws_subnet.myvpc_public_subnet",
            "aws_vpc.myvpc",
            "tls_private_key.key"
          ]
        },
        {
          "index_key": 1,
          "schema_version": 1,
          "attributes": {
            "ami": "ami-0323c3dd2da7fb37d",
            "arn": "arn:aws:ec2:us-east-1:776753018600:instance/i-006f72fa4db188833",
            "associate_public_ip_address": true,
            "availability_zone": "us-east-1a",
            "cpu_core_count": 1,
            "cpu_threads_per_core": 1,
            "credit_specification": [
              {
                "cpu_credits": "standard"
              }
            ],
            "disable_api_termination": false,
            "ebs_block_device": [],
            "ebs_optimized": false,
            "ephemeral_block_device": [],
            "get_password_data": false,
            "hibernation": false,
            "host_id": null,
            "iam_instance_profile": "",
            "id": "i-006f72fa4db188833",
            "instance_initiated_shutdown_behavior": null,
            "instance_state": "running",
            "instance_type": "t2.micro",
            "ipv6_address_count": 0,
            "ipv6_addresses": [],
            "key_name": "deployer-key",
            "metadata_options": [
              {
                "http_endpoint": "enabled",
                "http_put_response_hop_limit": 1,
                "http_tokens": "optional"
              }
            ],
            "monitoring": false,
            "network_interface": [],
            "network_interface_id": null,
            "outpost_arn": "",
            "password_data": "",
            "placement_group": "",
            "primary_network_interface_id": "eni-08ccbbabbb7a62f0e",
            "private_dns": "ip-10-0-1-86.ec2.internal",
            "private_ip": "10.0.1.86",
            "public_dns": "ec2-3-91-50-42.compute-1.amazonaws.com",
            "public_ip": "3.91.50.42",
            "root_block_device": [
              {
                "delete_on_termination": true,
                "device_name": "/dev/xvda",
                "encrypted": false,
                "iops": 100,
                "kms_key_id": "",
                "volume_id": "vol-07f4c3688f5b74b32",
                "volume_size": 8,
                "volume_type": "gp2"
              }
            ],
            "security_groups": [],
            "source_dest_check": true,
            "subnet_id": "subnet-078b6ecfbd954fa73",
            "tags": {
              "Name": "my_web_instance"
            },
            "tenancy": "default",
            "timeouts": null,
            "user_data": null,
            "user_data_base64": null,
            "volume_tags": {
              "Name": "my_web_instance_volume"
            },
            "vpc_security_group_ids": [
              "sg-0b386c165be012a30"
            ]
          },
          "private": "eyJlMmJmYjczMC1lY2FhLTExZTYtOGY4OC0zNDM2M2JjN2M0YzAiOnsiY3JlYXRlIjo2MDAwMDAwMDAwMDAsImRlbGV0ZSI6MTIwMDAwMDAwMDAwMCwidXBkYXRlIjo2MDAwMDAwMDAwMDB9LCJzY2hlbWFfdmVyc2lvbiI6IjEifQ==",
          "dependencies": [
            "aws_db_instance.my_database_instance",
            "aws_db_subnet_group.my_database_subnet_group",
            "aws_key_pair.deployer",
            "aws_security_group.db_security_group",
            "aws_security_group.web_security_group",
            "aws_subnet.myvpc_private_subnet_one",
            "aws_subnet.myvpc_private_subnet_two",
            "aws_subnet.myvpc_public_subnet",
            "aws_vpc.myvpc",
            "tls_private_key.key"
          ]
        }
      ]
    },
    {
      "mode": "managed",
      "type": "aws_internet_gateway",
      "name": "myvpc_internet_gateway",
      "provider": "provider.aws",
      "instances": [
        {
          "schema_version": 0,
          "attributes": {
            "id": "igw-08955801f371dcdb8",
            "owner_id": "776753018600",
            "tags": {
              "Name": "myvpc_internet_gateway"
            },
            "vpc_id": "vpc-07312f8b8821ab631"
          },
          "private": "bnVsbA==",
          "dependencies": [
            "aws_vpc.myvpc"
          ]
        }
      ]
    },
    {
      "mode": "managed",
      "type": "aws_key_pair",
      "name": "deployer",
      "provider": "provider.aws",
      "instances": [
        {
          "schema_version": 1,
          "attributes": {
            "fingerprint": "0a:39:ca:9a:c8:e4:c6:79:a0:eb:91:90:66:70:34:77",
            "id": "deployer-key",
            "key_name": "deployer-key",
            "key_name_prefix": null,
            "key_pair_id": "key-05cd17425536a2e4c",
            "public_key": "ssh-rsa AAAAB3NzaC1yc2EAAAADAQABAAACAQDRuB4a7YiKgntUAjk+aNlqrUoXvYDJqei1vH9PkPGhkPl/eyYizMUzVVR3vulpGYVMseREc7eXG0ECZ6SZiRguUa2mxBJYoAGt/jPqLj6FPyVPp/vKjcXG5yrGLRimaBdUqY213HwOYAO4tUvIc72t2NlVGz1QEbow4q2YbeFN0ZyMK7JyqDpLw1cBr1y7nnAe1ePUK4ben0Ijo5Q5cYyeEOkkkXXdABJ9Vc99PfiUIDsbARhcUnGaZuqiNFjb6O3fdTpUT8Uu9KWdiIOrIIrNI4Z8+2Jc2wM/q3C1VVfuYemDQ/lTHkhVzoVviTraKbOPYQFslOWgFsAgHC2zYtoYk0NqSn/H+7aTjxZCtE4Jj2mdlmSbX+e1ucQbiSA4dBfq1Ub7vBBbpzlmgwSW5mSbC03kQ1j12Zc9gZdCjRM9MDeUjYiJ2s7kgVUSoFT6ruWRsNcTFrWd84cCVxMQYBphwXFaLwzoW6ZdVD8YvbQdZo8y/Kg0wOhDF7iokHlQIQrfKnOWHwA4LmPx1VVuhIwugu9lmbbAv4AXccTM4e7B0gN+kRMA4PWcy30u1NBQHg1UOgvFxB2me7Yf4oQGTLUa2h+pob1YlwS26HTKCy4xyEU3F9g0s6v5G0qoPRpCsp1t8fM8eu42ksewti9Q75mFzkigXBj723Ax0ahiXLOqAw==",
            "tags": null
          },
          "private": "eyJzY2hlbWFfdmVyc2lvbiI6IjEifQ==",
          "dependencies": [
            "tls_private_key.key"
          ]
        }
      ]
    },
    {
      "mode": "managed",
      "type": "aws_route_table",
      "name": "myvpc_private_subnet_route_table",
      "provider": "provider.aws",
      "instances": [
        {
          "schema_version": 0,
          "attributes": {
            "id": "rtb-02493e5b8c04524e5",
            "owner_id": "776753018600",
            "propagating_vgws": [],
            "route": [],
            "tags": {
              "Name": "myvpc_private_subnet_route_table"
            },
            "vpc_id": "vpc-07312f8b8821ab631"
          },
          "private": "bnVsbA==",
          "dependencies": [
            "aws_vpc.myvpc"
          ]
        }
      ]
    },
    {
      "mode": "managed",
      "type": "aws_route_table",
      "name": "myvpc_public_subnet_route_table",
      "provider": "provider.aws",
      "instances": [
        {
          "schema_version": 0,
          "attributes": {
            "id": "rtb-01d927db42e70a1b6",
            "owner_id": "776753018600",
            "propagating_vgws": [],
            "route": [
              {
                "cidr_block": "0.0.0.0/0",
                "egress_only_gateway_id": "",
                "gateway_id": "igw-08955801f371dcdb8",
                "instance_id": "",
                "ipv6_cidr_block": "",
                "nat_gateway_id": "",
                "network_interface_id": "",
                "transit_gateway_id": "",
                "vpc_peering_connection_id": ""
              }
            ],
            "tags": {
              "Name": "myvpc_public_subnet_route_table"
            },
            "vpc_id": "vpc-07312f8b8821ab631"
          },
          "private": "bnVsbA==",
          "dependencies": [
            "aws_internet_gateway.myvpc_internet_gateway",
            "aws_vpc.myvpc"
          ]
        }
      ]
    },
    {
      "mode": "managed",
      "type": "aws_route_table_association",
      "name": "myvpc_private_subnet_one_route_table_assosiation",
      "provider": "provider.aws",
      "instances": [
        {
          "schema_version": 0,
          "attributes": {
            "gateway_id": null,
            "id": "rtbassoc-0940af1438addc11f",
            "route_table_id": "rtb-02493e5b8c04524e5",
            "subnet_id": "subnet-0209a4bf7a247fa9c"
          },
          "private": "bnVsbA==",
          "dependencies": [
            "aws_route_table.myvpc_private_subnet_route_table",
            "aws_subnet.myvpc_private_subnet_one",
            "aws_vpc.myvpc"
          ]
        }
      ]
    },
    {
      "mode": "managed",
      "type": "aws_route_table_association",
      "name": "myvpc_private_subnet_two_route_table_assosiation",
      "provider": "provider.aws",
      "instances": [
        {
          "schema_version": 0,
          "attributes": {
            "gateway_id": null,
            "id": "rtbassoc-0e4f77dde49df6e96",
            "route_table_id": "rtb-02493e5b8c04524e5",
            "subnet_id": "subnet-0801c4c910fd6a6c9"
          },
          "private": "bnVsbA==",
          "dependencies": [
            "aws_route_table.myvpc_private_subnet_route_table",
            "aws_subnet.myvpc_private_subnet_two",
            "aws_vpc.myvpc"
          ]
        }
      ]
    },
    {
      "mode": "managed",
      "type": "aws_route_table_association",
      "name": "myvpc_public_subnet_route_table",
      "provider": "provider.aws",
      "instances": [
        {
          "schema_version": 0,
          "attributes": {
            "gateway_id": null,
            "id": "rtbassoc-02a7b1aac8c050827",
            "route_table_id": "rtb-01d927db42e70a1b6",
            "subnet_id": "subnet-078b6ecfbd954fa73"
          },
          "private": "bnVsbA==",
          "dependencies": [
            "aws_internet_gateway.myvpc_internet_gateway",
            "aws_route_table.myvpc_public_subnet_route_table",
            "aws_subnet.myvpc_public_subnet",
            "aws_vpc.myvpc"
          ]
        }
      ]
    },
    {
      "mode": "managed",
      "type": "aws_route_table_association",
      "name": "myvpc_public_subnet_route_table2",
      "provider": "provider.aws",
      "instances": [
        {
          "schema_version": 0,
          "attributes": {
            "gateway_id": null,
            "id": "rtbassoc-0ccc12b2877b7cf83",
            "route_table_id": "rtb-01d927db42e70a1b6",
            "subnet_id": "subnet-0b50f3c313c0e9770"
          },
          "private": "bnVsbA==",
          "dependencies": [
            "aws_internet_gateway.myvpc_internet_gateway",
            "aws_route_table.myvpc_public_subnet_route_table",
            "aws_subnet.myvpc_public_subnet2",
            "aws_vpc.myvpc"
          ]
        }
      ]
    },
    {
      "mode": "managed",
      "type": "aws_route_table_association",
      "name": "myvpc_public_subnet_route_table3",
      "provider": "provider.aws",
      "instances": [
        {
          "schema_version": 0,
          "attributes": {
            "gateway_id": null,
            "id": "rtbassoc-0a0576aa85da9422d",
            "route_table_id": "rtb-01d927db42e70a1b6",
            "subnet_id": "subnet-0beb9bfa07464a27d"
          },
          "private": "bnVsbA==",
          "dependencies": [
            "aws_internet_gateway.myvpc_internet_gateway",
            "aws_route_table.myvpc_public_subnet_route_table",
            "aws_subnet.myvpc_public_subnet3",
            "aws_vpc.myvpc"
          ]
        }
      ]
    },
    {
      "mode": "managed",
      "type": "aws_security_group",
      "name": "db_security_group",
      "provider": "provider.aws",
      "instances": [
        {
          "schema_version": 1,
          "attributes": {
            "arn": "arn:aws:ec2:us-east-1:776753018600:security-group/sg-05b90a436befa6b3d",
            "description": "Allow all inbound traffic",
            "egress": [],
            "id": "sg-05b90a436befa6b3d",
            "ingress": [],
            "name": "db_security_group",
            "name_prefix": null,
            "owner_id": "776753018600",
            "revoke_rules_on_delete": false,
            "tags": {
              "Name": "myvpc_db_security_group"
            },
            "timeouts": null,
            "vpc_id": "vpc-07312f8b8821ab631"
          },
          "private": "eyJlMmJmYjczMC1lY2FhLTExZTYtOGY4OC0zNDM2M2JjN2M0YzAiOnsiY3JlYXRlIjo2MDAwMDAwMDAwMDAsImRlbGV0ZSI6NjAwMDAwMDAwMDAwfSwic2NoZW1hX3ZlcnNpb24iOiIxIn0=",
          "dependencies": [
            "aws_vpc.myvpc"
          ]
        }
      ]
    },
    {
      "mode": "managed",
      "type": "aws_security_group",
      "name": "web_security_group",
      "provider": "provider.aws",
      "instances": [
        {
          "schema_version": 1,
          "attributes": {
            "arn": "arn:aws:ec2:us-east-1:776753018600:security-group/sg-0b386c165be012a30",
            "description": "Allow all inbound traffic",
            "egress": [],
            "id": "sg-0b386c165be012a30",
            "ingress": [],
            "name": "web_security_group",
            "name_prefix": null,
            "owner_id": "776753018600",
            "revoke_rules_on_delete": false,
            "tags": {
              "Name": "myvpc_web_security_group"
            },
            "timeouts": null,
            "vpc_id": "vpc-07312f8b8821ab631"
          },
          "private": "eyJlMmJmYjczMC1lY2FhLTExZTYtOGY4OC0zNDM2M2JjN2M0YzAiOnsiY3JlYXRlIjo2MDAwMDAwMDAwMDAsImRlbGV0ZSI6NjAwMDAwMDAwMDAwfSwic2NoZW1hX3ZlcnNpb24iOiIxIn0=",
          "dependencies": [
            "aws_vpc.myvpc"
          ]
        }
      ]
    },
    {
      "mode": "managed",
      "type": "aws_security_group_rule",
      "name": "db_egress",
      "each": "list",
      "provider": "provider.aws",
      "instances": [
        {
          "index_key": 0,
          "schema_version": 2,
          "attributes": {
            "cidr_blocks": [
              "0.0.0.0/0"
            ],
            "description": null,
            "from_port": 22,
            "id": "sgrule-3846944322",
            "ipv6_cidr_blocks": null,
            "prefix_list_ids": null,
            "protocol": "tcp",
            "security_group_id": "sg-05b90a436befa6b3d",
            "self": false,
            "source_security_group_id": null,
            "to_port": 22,
            "type": "egress"
          },
          "private": "eyJzY2hlbWFfdmVyc2lvbiI6IjIifQ==",
          "dependencies": [
            "aws_security_group.db_security_group",
            "aws_vpc.myvpc"
          ]
        },
        {
          "index_key": 1,
          "schema_version": 2,
          "attributes": {
            "cidr_blocks": [
              "0.0.0.0/0"
            ],
            "description": null,
            "from_port": 3306,
            "id": "sgrule-3097770828",
            "ipv6_cidr_blocks": null,
            "prefix_list_ids": null,
            "protocol": "tcp",
            "security_group_id": "sg-05b90a436befa6b3d",
            "self": false,
            "source_security_group_id": null,
            "to_port": 3306,
            "type": "egress"
          },
          "private": "eyJzY2hlbWFfdmVyc2lvbiI6IjIifQ==",
          "dependencies": [
            "aws_security_group.db_security_group",
            "aws_vpc.myvpc"
          ]
        }
      ]
    },
    {
      "mode": "managed",
      "type": "aws_security_group_rule",
      "name": "db_ingress",
      "each": "list",
      "provider": "provider.aws",
      "instances": [
        {
          "index_key": 0,
          "schema_version": 2,
          "attributes": {
            "cidr_blocks": [
              "0.0.0.0/0"
            ],
            "description": null,
            "from_port": 22,
            "id": "sgrule-439699550",
            "ipv6_cidr_blocks": null,
            "prefix_list_ids": null,
            "protocol": "tcp",
            "security_group_id": "sg-05b90a436befa6b3d",
            "self": false,
            "source_security_group_id": null,
            "to_port": 22,
            "type": "ingress"
          },
          "private": "eyJzY2hlbWFfdmVyc2lvbiI6IjIifQ==",
          "dependencies": [
            "aws_security_group.db_security_group",
            "aws_vpc.myvpc"
          ]
        },
        {
          "index_key": 1,
          "schema_version": 2,
          "attributes": {
            "cidr_blocks": [
              "0.0.0.0/0"
            ],
            "description": null,
            "from_port": 3306,
            "id": "sgrule-4258302676",
            "ipv6_cidr_blocks": null,
            "prefix_list_ids": null,
            "protocol": "tcp",
            "security_group_id": "sg-05b90a436befa6b3d",
            "self": false,
            "source_security_group_id": null,
            "to_port": 3306,
            "type": "ingress"
          },
          "private": "eyJzY2hlbWFfdmVyc2lvbiI6IjIifQ==",
          "dependencies": [
            "aws_security_group.db_security_group",
            "aws_vpc.myvpc"
          ]
        }
      ]
    },
    {
      "mode": "managed",
      "type": "aws_security_group_rule",
      "name": "web_egress",
      "each": "list",
      "provider": "provider.aws",
      "instances": [
        {
          "index_key": 0,
          "schema_version": 2,
          "attributes": {
            "cidr_blocks": [
              "0.0.0.0/0"
            ],
            "description": null,
            "from_port": 22,
            "id": "sgrule-3786046415",
            "ipv6_cidr_blocks": null,
            "prefix_list_ids": null,
            "protocol": "tcp",
            "security_group_id": "sg-0b386c165be012a30",
            "self": false,
            "source_security_group_id": null,
            "to_port": 22,
            "type": "egress"
          },
          "private": "eyJzY2hlbWFfdmVyc2lvbiI6IjIifQ==",
          "dependencies": [
            "aws_security_group.web_security_group",
            "aws_vpc.myvpc"
          ]
        },
        {
          "index_key": 1,
          "schema_version": 2,
          "attributes": {
            "cidr_blocks": [
              "0.0.0.0/0"
            ],
            "description": null,
            "from_port": 80,
            "id": "sgrule-232453104",
            "ipv6_cidr_blocks": null,
            "prefix_list_ids": null,
            "protocol": "tcp",
            "security_group_id": "sg-0b386c165be012a30",
            "self": false,
            "source_security_group_id": null,
            "to_port": 80,
            "type": "egress"
          },
          "private": "eyJzY2hlbWFfdmVyc2lvbiI6IjIifQ==",
          "dependencies": [
            "aws_security_group.web_security_group",
            "aws_vpc.myvpc"
          ]
        },
        {
          "index_key": 2,
          "schema_version": 2,
          "attributes": {
            "cidr_blocks": [
              "0.0.0.0/0"
            ],
            "description": null,
            "from_port": 443,
            "id": "sgrule-3379484924",
            "ipv6_cidr_blocks": null,
            "prefix_list_ids": null,
            "protocol": "tcp",
            "security_group_id": "sg-0b386c165be012a30",
            "self": false,
            "source_security_group_id": null,
            "to_port": 443,
            "type": "egress"
          },
          "private": "eyJzY2hlbWFfdmVyc2lvbiI6IjIifQ==",
          "dependencies": [
            "aws_security_group.web_security_group",
            "aws_vpc.myvpc"
          ]
        },
        {
          "index_key": 3,
          "schema_version": 2,
          "attributes": {
            "cidr_blocks": [
              "0.0.0.0/0"
            ],
            "description": null,
            "from_port": 3306,
            "id": "sgrule-2129155597",
            "ipv6_cidr_blocks": null,
            "prefix_list_ids": null,
            "protocol": "tcp",
            "security_group_id": "sg-0b386c165be012a30",
            "self": false,
            "source_security_group_id": null,
            "to_port": 3306,
            "type": "egress"
          },
          "private": "eyJzY2hlbWFfdmVyc2lvbiI6IjIifQ==",
          "dependencies": [
            "aws_security_group.web_security_group",
            "aws_vpc.myvpc"
          ]
        }
      ]
    },
    {
      "mode": "managed",
      "type": "aws_security_group_rule",
      "name": "web_ingress",
      "each": "list",
      "provider": "provider.aws",
      "instances": [
        {
          "index_key": 0,
          "schema_version": 2,
          "attributes": {
            "cidr_blocks": [
              "0.0.0.0/0"
            ],
            "description": null,
            "from_port": 22,
            "id": "sgrule-2302170638",
            "ipv6_cidr_blocks": null,
            "prefix_list_ids": null,
            "protocol": "tcp",
            "security_group_id": "sg-0b386c165be012a30",
            "self": false,
            "source_security_group_id": null,
            "to_port": 22,
            "type": "ingress"
          },
          "private": "eyJzY2hlbWFfdmVyc2lvbiI6IjIifQ==",
          "dependencies": [
            "aws_security_group.web_security_group",
            "aws_vpc.myvpc"
          ]
        },
        {
          "index_key": 1,
          "schema_version": 2,
          "attributes": {
            "cidr_blocks": [
              "0.0.0.0/0"
            ],
            "description": null,
            "from_port": 80,
            "id": "sgrule-1068633019",
            "ipv6_cidr_blocks": null,
            "prefix_list_ids": null,
            "protocol": "tcp",
            "security_group_id": "sg-0b386c165be012a30",
            "self": false,
            "source_security_group_id": null,
            "to_port": 80,
            "type": "ingress"
          },
          "private": "eyJzY2hlbWFfdmVyc2lvbiI6IjIifQ==",
          "dependencies": [
            "aws_security_group.web_security_group",
            "aws_vpc.myvpc"
          ]
        },
        {
          "index_key": 2,
          "schema_version": 2,
          "attributes": {
            "cidr_blocks": [
              "0.0.0.0/0"
            ],
            "description": null,
            "from_port": 443,
            "id": "sgrule-918614971",
            "ipv6_cidr_blocks": null,
            "prefix_list_ids": null,
            "protocol": "tcp",
            "security_group_id": "sg-0b386c165be012a30",
            "self": false,
            "source_security_group_id": null,
            "to_port": 443,
            "type": "ingress"
          },
          "private": "eyJzY2hlbWFfdmVyc2lvbiI6IjIifQ==",
          "dependencies": [
            "aws_security_group.web_security_group",
            "aws_vpc.myvpc"
          ]
        },
        {
          "index_key": 3,
          "schema_version": 2,
          "attributes": {
            "cidr_blocks": [
              "0.0.0.0/0"
            ],
            "description": null,
            "from_port": 3306,
            "id": "sgrule-4241340351",
            "ipv6_cidr_blocks": null,
            "prefix_list_ids": null,
            "protocol": "tcp",
            "security_group_id": "sg-0b386c165be012a30",
            "self": false,
            "source_security_group_id": null,
            "to_port": 3306,
            "type": "ingress"
          },
          "private": "eyJzY2hlbWFfdmVyc2lvbiI6IjIifQ==",
          "dependencies": [
            "aws_security_group.web_security_group",
            "aws_vpc.myvpc"
          ]
        }
      ]
    },
    {
      "mode": "managed",
      "type": "aws_subnet",
      "name": "myvpc_private_subnet_one",
      "provider": "provider.aws",
      "instances": [
        {
          "schema_version": 1,
          "attributes": {
            "arn": "arn:aws:ec2:us-east-1:776753018600:subnet/subnet-0209a4bf7a247fa9c",
            "assign_ipv6_address_on_creation": false,
            "availability_zone": "us-east-1a",
            "availability_zone_id": "use1-az4",
            "cidr_block": "10.0.2.0/24",
            "id": "subnet-0209a4bf7a247fa9c",
            "ipv6_cidr_block": "",
            "ipv6_cidr_block_association_id": "",
            "map_public_ip_on_launch": false,
            "outpost_arn": "",
            "owner_id": "776753018600",
            "tags": {
              "Name": "myvpc_private_subnet_one"
            },
            "timeouts": null,
            "vpc_id": "vpc-07312f8b8821ab631"
          },
          "private": "eyJlMmJmYjczMC1lY2FhLTExZTYtOGY4OC0zNDM2M2JjN2M0YzAiOnsiY3JlYXRlIjo2MDAwMDAwMDAwMDAsImRlbGV0ZSI6MTIwMDAwMDAwMDAwMH0sInNjaGVtYV92ZXJzaW9uIjoiMSJ9",
          "dependencies": [
            "aws_vpc.myvpc"
          ]
        }
      ]
    },
    {
      "mode": "managed",
      "type": "aws_subnet",
      "name": "myvpc_private_subnet_two",
      "provider": "provider.aws",
      "instances": [
        {
          "schema_version": 1,
          "attributes": {
            "arn": "arn:aws:ec2:us-east-1:776753018600:subnet/subnet-0801c4c910fd6a6c9",
            "assign_ipv6_address_on_creation": false,
            "availability_zone": "us-east-1b",
            "availability_zone_id": "use1-az6",
            "cidr_block": "10.0.3.0/24",
            "id": "subnet-0801c4c910fd6a6c9",
            "ipv6_cidr_block": "",
            "ipv6_cidr_block_association_id": "",
            "map_public_ip_on_launch": false,
            "outpost_arn": "",
            "owner_id": "776753018600",
            "tags": {
              "Name": "myvpc_private_subnet_two"
            },
            "timeouts": null,
            "vpc_id": "vpc-07312f8b8821ab631"
          },
          "private": "eyJlMmJmYjczMC1lY2FhLTExZTYtOGY4OC0zNDM2M2JjN2M0YzAiOnsiY3JlYXRlIjo2MDAwMDAwMDAwMDAsImRlbGV0ZSI6MTIwMDAwMDAwMDAwMH0sInNjaGVtYV92ZXJzaW9uIjoiMSJ9",
          "dependencies": [
            "aws_vpc.myvpc"
          ]
        }
      ]
    },
    {
      "mode": "managed",
      "type": "aws_subnet",
      "name": "myvpc_public_subnet",
      "provider": "provider.aws",
      "instances": [
        {
          "schema_version": 1,
          "attributes": {
            "arn": "arn:aws:ec2:us-east-1:776753018600:subnet/subnet-078b6ecfbd954fa73",
            "assign_ipv6_address_on_creation": false,
            "availability_zone": "us-east-1a",
            "availability_zone_id": "use1-az4",
            "cidr_block": "10.0.1.0/24",
            "id": "subnet-078b6ecfbd954fa73",
            "ipv6_cidr_block": "",
            "ipv6_cidr_block_association_id": "",
            "map_public_ip_on_launch": true,
            "outpost_arn": "",
            "owner_id": "776753018600",
            "tags": {
              "Name": "myvpc_public_subnet"
            },
            "timeouts": null,
            "vpc_id": "vpc-07312f8b8821ab631"
          },
          "private": "eyJlMmJmYjczMC1lY2FhLTExZTYtOGY4OC0zNDM2M2JjN2M0YzAiOnsiY3JlYXRlIjo2MDAwMDAwMDAwMDAsImRlbGV0ZSI6MTIwMDAwMDAwMDAwMH0sInNjaGVtYV92ZXJzaW9uIjoiMSJ9",
          "dependencies": [
            "aws_vpc.myvpc"
          ]
        }
      ]
    },
    {
      "mode": "managed",
      "type": "aws_subnet",
      "name": "myvpc_public_subnet2",
      "provider": "provider.aws",
      "instances": [
        {
          "schema_version": 1,
          "attributes": {
            "arn": "arn:aws:ec2:us-east-1:776753018600:subnet/subnet-0b50f3c313c0e9770",
            "assign_ipv6_address_on_creation": false,
            "availability_zone": "us-east-1a",
            "availability_zone_id": "use1-az4",
            "cidr_block": "10.0.4.0/24",
            "id": "subnet-0b50f3c313c0e9770",
            "ipv6_cidr_block": "",
            "ipv6_cidr_block_association_id": "",
            "map_public_ip_on_launch": true,
            "outpost_arn": "",
            "owner_id": "776753018600",
            "tags": {
              "Name": "myvpc_public_subnet2"
            },
            "timeouts": null,
            "vpc_id": "vpc-07312f8b8821ab631"
          },
          "private": "eyJlMmJmYjczMC1lY2FhLTExZTYtOGY4OC0zNDM2M2JjN2M0YzAiOnsiY3JlYXRlIjo2MDAwMDAwMDAwMDAsImRlbGV0ZSI6MTIwMDAwMDAwMDAwMH0sInNjaGVtYV92ZXJzaW9uIjoiMSJ9",
          "dependencies": [
            "aws_vpc.myvpc"
          ]
        }
      ]
    },
    {
      "mode": "managed",
      "type": "aws_subnet",
      "name": "myvpc_public_subnet3",
      "provider": "provider.aws",
      "instances": [
        {
          "schema_version": 1,
          "attributes": {
            "arn": "arn:aws:ec2:us-east-1:776753018600:subnet/subnet-0beb9bfa07464a27d",
            "assign_ipv6_address_on_creation": false,
            "availability_zone": "us-east-1f",
            "availability_zone_id": "use1-az5",
            "cidr_block": "10.0.5.0/24",
            "id": "subnet-0beb9bfa07464a27d",
            "ipv6_cidr_block": "",
            "ipv6_cidr_block_association_id": "",
            "map_public_ip_on_launch": true,
            "outpost_arn": "",
            "owner_id": "776753018600",
            "tags": {
              "Name": "myvpc_public_subnet3"
            },
            "timeouts": null,
            "vpc_id": "vpc-07312f8b8821ab631"
          },
          "private": "eyJlMmJmYjczMC1lY2FhLTExZTYtOGY4OC0zNDM2M2JjN2M0YzAiOnsiY3JlYXRlIjo2MDAwMDAwMDAwMDAsImRlbGV0ZSI6MTIwMDAwMDAwMDAwMH0sInNjaGVtYV92ZXJzaW9uIjoiMSJ9",
          "dependencies": [
            "aws_vpc.myvpc"
          ]
        }
      ]
    },
    {
      "mode": "managed",
      "type": "aws_vpc",
      "name": "myvpc",
      "provider": "provider.aws",
      "instances": [
        {
          "schema_version": 1,
          "attributes": {
            "arn": "arn:aws:ec2:us-east-1:776753018600:vpc/vpc-07312f8b8821ab631",
            "assign_generated_ipv6_cidr_block": false,
            "cidr_block": "10.0.0.0/16",
            "default_network_acl_id": "acl-0e0e1de8097f850e3",
            "default_route_table_id": "rtb-0bb83a415bd26d225",
            "default_security_group_id": "sg-0dc82140e41981a55",
            "dhcp_options_id": "dopt-9151e9eb",
            "enable_classiclink": false,
            "enable_classiclink_dns_support": false,
            "enable_dns_hostnames": true,
            "enable_dns_support": true,
            "id": "vpc-07312f8b8821ab631",
            "instance_tenancy": "default",
            "ipv6_association_id": "",
            "ipv6_cidr_block": "",
            "main_route_table_id": "rtb-0bb83a415bd26d225",
            "owner_id": "776753018600",
            "tags": {
              "Name": "myvpc"
            }
          },
          "private": "eyJzY2hlbWFfdmVyc2lvbiI6IjEifQ=="
        }
      ]
    },
    {
      "mode": "managed",
      "type": "local_file",
      "name": "privatekey",
      "provider": "provider.local",
      "instances": [
        {
          "schema_version": 0,
          "attributes": {
            "content": "-----BEGIN RSA PRIVATE KEY-----\nMIIJKgIBAAKCAgEA0bgeGu2IioJ7VAI5PmjZaq1KF72Ayanotbx/T5DxoZD5f3sm\nIszFM1VUd77paRmFTLHkRHO3lxtBAmekmYkYLlGtpsQSWKABrf4z6i4+hT8lT6f7\nyo3Fxucqxi0YpmgXVKmNtdx8DmADuLVLyHO9rdjZVRs9UBG6MOKtmG3hTdGcjCuy\ncqg6S8NXAa9cu55wHtXj1CuG3p9CI6OUOXGMnhDpJJF13QASfVXPfT34lCA7GwEY\nXFJxmmbqojRY2+jt33U6VE/FLvSlnYiDqyCKzSOGfPtiXNsDP6twtVVX7mHpg0P5\nUx5IVc6Fb4k62imzj2EBbJTloBbAIBwts2LaGJNDakp/x/u2k48WQrROCY9pnZZk\nm1/ntbnEG4kgOHQX6tVG+7wQW6c5ZoMEluZkmwtN5ENY9dmXPYGXQo0TPTA3lI2I\nidrO5IFVEqBU+q7lkbDXExa1nfOHAlcTEGAaYcFxWi8M6FumXVQ/GL20HWaPMvyo\nNMDoQxe4qJB5UCEK3ypzlh8AOC5j8dVVboSMLoLvZZm2wL+AF3HEzOHuwdIDfpET\nAOD1nMt9LtTQUB4NVDoLxcQdpnu2H+KEBky1GtofqaG9WJcEtuh0ygsuMchFNxfY\nNLOr+RtKqD0aQrKdbfHzPHruNpLHsLYvUO+Zhc5IoFwY+9twMdGoYlyzqgMCAwEA\nAQKCAgEAhoQGK1d4YP9Yg4X5maI+8kG8aIXQeYlWDludfTeHBQ6sOayPxXp6cnak\n+zmlFRide5gOxilC9NUyWYyI80IQFIWnUHQrIFVhPmzyd56501WxZOpmgoF0/iOA\nOCTszq+tZ0xp7OBDYiULvgnrVeOHIl8Y55HVPepg9sIufrrb7MIqG25bw1dMLRRa\nVmZYoK77U4v12j0hAOI91gYyKLZAb5KBOEdkxiApu+Kyd66sJraVsrh9G5p164df\nsDLLXCKHkPDsPO/9liStpeHOMpFo9jN3K+tCKDUCXHBmlqjrAagj02JiJYIi+4a/\n586pxQ1CcxDRjQfkUU7GZNIuLgWVxUwa0wQwXwJvl/lOBkxn9poVjVwV1wsoo99C\nxgAgSST9QxyTppDJ65UWVlbzDF1R9/pOnwOnDkgofW1QTzcCs/ytOK+og1eZ9XdL\n65dD8LMQbNAkH4VkwJRqbh2M1JWnqnSvSf1kKY5/7r7DT0lH3BTtxRPWNk6YH87A\nC8kR3d2fRimvOeVnaSqqBDCm4um7LuvgaXQRKxyxptKXiP6m200HcUT/K+xxSgmb\npWyf9/NHt7PutVxqzOglu5TnRTF7m2kz9Bf/+m1AA4BlopWHK8GMN60eYvx2Zilg\nutlBNrHk9ElMMp6H+lzRkgO2/JWOa9YkEJr8PZHsS+jdouvDUcECggEBAPCuxQmR\ntu15L5yIEGQluyTd2l+bpOoovAdRZyEOvH6ZCWEaKF+RmBQ05Nil0dH6Z6dYJkls\n/nHizLdH4NpocKWEKt+54HsG5uVfIftbokrpFf9G6lSB2obBYRgiXfrI6s0QKJeQ\nQanmeUwyPfTsPPiy+qmIuNczr+XGiElYbJRYGsqvWV6J8kuzqPDfEzUFlykfn/uO\n0ODzDC2h2OXP5DVinG77/w6HMm9nO9LSIjXErgM1ptP6cMBn1rO8hnP+slmaxugk\nCruxbSjgbwU157GKTTnwcqxcv1Dp4ufuGOL2oGMQfIfBRgC8ZnKOvprDPnlvpk+D\n8GIVpFRJL2djI1sCggEBAN8Q4yJcnhVWS80aExGWRhKUroW3bcT9wdcLjnXRXFsv\nLIU12BWg9pcfbYlH4CQ8FEfuFcGQdU2AOjA42GigD/Msf5j/GHSTqKI2egQN4Ys5\nNq2WM9uI9oA3pNns6HXCfqZ3LLD0Vq39Mo1JjCV53g+4vVInJPeG7xaQ47x8OKR3\ngBZDhXA8f+YH6jaDPu1qO2vwhzRR49k2IVW8CMZoUuHFHfuyGiK9NIfZvK7kZyI9\nCSSAwVoaVbLP+wUCPj2Cd5NzYyCRhLuFRTcCkRVa0W3RSwGzuWNCo9TPlVsK/Dbq\ngrwSGzXhyJD/PSzLtiMsQt7AIxoGGLZ2Nu5q5KgOHHkCggEBAOBstwJDQ2WQGNtG\n7LHVlPm9fQClq1NFBH92Ykmq6gzKOrq2n2rt4fcFk1aI2GuJqNmcEqdo4KHlL6q/\ndWVy+Yb9BNV1B2LwfqDm4lL1kRF04rQUtjBynQgGjbjpYuSUMI1iQdeCBhic9gIc\n3zTgi8IDckRfXqwcYCpLw41QzH5O4TyZ4SWMT8hTEHb6K3jHa7pG6PCyrQb02yg5\nwHwaK9uzxdafV6d+XYMPqfLdSlUEvpXzk0oaPsTKjqMuadkDZ96xukOASBnYScdR\n73PWXeNo6LXcBbG/Eg4q6RAHLmGEQu3c06HqkJHjG0w62nSJFlo5x8RhbOao84A8\ndd1bzf0CggEBAMGsAtkBuwthipzAR9AcPijByKk2cmr3u4X/dagbp2lQEwJxlnRo\n9dCOK+dmbVhohV9Serc9umsYquzVXiew2UhT2VE4Ir6MuXxlehjtCGd9vFiIseup\nBgSay1me1NHxlU7o5/eXnW6hCHQdaD3diozx5AZhEDqNgCaClAhBflhlnOM3qrKh\nBJbvRk4gM9GkS4VTJ8CoXQBpfBXZFXFWgKefIoI2x3Rj/Cj7RlQ+4MCcZ8S2uamG\ndeOzqglWQj3begCezXEohyrc8hRp+Rema3FCpzIKHirtYBtURCPw7LytbebmfZOR\nvjcONMog8LmnI0QNZCyjIG/DQbxNOMwkvFkCggEARBqP2LJHY8VQREYJhsT17EIF\n+pPBmVhBWfCIZP/Nuf/Jxk0IjqggT/xhNIQw7hm0HvLrwKKCMZbtSQGPydAjZcbF\ne/rCJtVGngWYqQ7o9IGOHN5U3ghl5/xAghNEvjJeOlIX7BEqPJ17QPeRG+HzdS6P\nKY08SSdHgZo75crvaRL49TCHRSst2LaHGR65lMaVMojDqymvePiV4a162DvBsAq5\nftjKruJBZ6A1w2vHJY3wvhcRbYqQIXhCaV8olEgDaQvd9Qv+qzhLYLa4o2htvG1X\ny5kaGpuYgJ2U/KsztndBPTE1yc53pjVIxTq0JUI4KrAvgvKHMvVAUtQpngWq8A==\n-----END RSA PRIVATE KEY-----\n",
            "content_base64": null,
            "directory_permission": "0777",
            "file_permission": "600",
            "filename": "privatekey.pem",
            "id": "2eb74473c0bb3b6410974b5e6272ee0b72ed7095",
            "sensitive_content": null
          },
          "private": "bnVsbA==",
          "dependencies": [
            "tls_private_key.key"
          ]
        }
      ]
    },
    {
      "mode": "managed",
      "type": "tls_private_key",
      "name": "key",
      "provider": "provider.tls",
      "instances": [
        {
          "schema_version": 0,
          "attributes": {
            "algorithm": "RSA",
            "ecdsa_curve": "P224",
            "id": "43949ce6c7025a39f1ef1fd048e21a6623c4e509",
            "private_key_pem": "-----BEGIN RSA PRIVATE KEY-----\nMIIJKgIBAAKCAgEA0bgeGu2IioJ7VAI5PmjZaq1KF72Ayanotbx/T5DxoZD5f3sm\nIszFM1VUd77paRmFTLHkRHO3lxtBAmekmYkYLlGtpsQSWKABrf4z6i4+hT8lT6f7\nyo3Fxucqxi0YpmgXVKmNtdx8DmADuLVLyHO9rdjZVRs9UBG6MOKtmG3hTdGcjCuy\ncqg6S8NXAa9cu55wHtXj1CuG3p9CI6OUOXGMnhDpJJF13QASfVXPfT34lCA7GwEY\nXFJxmmbqojRY2+jt33U6VE/FLvSlnYiDqyCKzSOGfPtiXNsDP6twtVVX7mHpg0P5\nUx5IVc6Fb4k62imzj2EBbJTloBbAIBwts2LaGJNDakp/x/u2k48WQrROCY9pnZZk\nm1/ntbnEG4kgOHQX6tVG+7wQW6c5ZoMEluZkmwtN5ENY9dmXPYGXQo0TPTA3lI2I\nidrO5IFVEqBU+q7lkbDXExa1nfOHAlcTEGAaYcFxWi8M6FumXVQ/GL20HWaPMvyo\nNMDoQxe4qJB5UCEK3ypzlh8AOC5j8dVVboSMLoLvZZm2wL+AF3HEzOHuwdIDfpET\nAOD1nMt9LtTQUB4NVDoLxcQdpnu2H+KEBky1GtofqaG9WJcEtuh0ygsuMchFNxfY\nNLOr+RtKqD0aQrKdbfHzPHruNpLHsLYvUO+Zhc5IoFwY+9twMdGoYlyzqgMCAwEA\nAQKCAgEAhoQGK1d4YP9Yg4X5maI+8kG8aIXQeYlWDludfTeHBQ6sOayPxXp6cnak\n+zmlFRide5gOxilC9NUyWYyI80IQFIWnUHQrIFVhPmzyd56501WxZOpmgoF0/iOA\nOCTszq+tZ0xp7OBDYiULvgnrVeOHIl8Y55HVPepg9sIufrrb7MIqG25bw1dMLRRa\nVmZYoK77U4v12j0hAOI91gYyKLZAb5KBOEdkxiApu+Kyd66sJraVsrh9G5p164df\nsDLLXCKHkPDsPO/9liStpeHOMpFo9jN3K+tCKDUCXHBmlqjrAagj02JiJYIi+4a/\n586pxQ1CcxDRjQfkUU7GZNIuLgWVxUwa0wQwXwJvl/lOBkxn9poVjVwV1wsoo99C\nxgAgSST9QxyTppDJ65UWVlbzDF1R9/pOnwOnDkgofW1QTzcCs/ytOK+og1eZ9XdL\n65dD8LMQbNAkH4VkwJRqbh2M1JWnqnSvSf1kKY5/7r7DT0lH3BTtxRPWNk6YH87A\nC8kR3d2fRimvOeVnaSqqBDCm4um7LuvgaXQRKxyxptKXiP6m200HcUT/K+xxSgmb\npWyf9/NHt7PutVxqzOglu5TnRTF7m2kz9Bf/+m1AA4BlopWHK8GMN60eYvx2Zilg\nutlBNrHk9ElMMp6H+lzRkgO2/JWOa9YkEJr8PZHsS+jdouvDUcECggEBAPCuxQmR\ntu15L5yIEGQluyTd2l+bpOoovAdRZyEOvH6ZCWEaKF+RmBQ05Nil0dH6Z6dYJkls\n/nHizLdH4NpocKWEKt+54HsG5uVfIftbokrpFf9G6lSB2obBYRgiXfrI6s0QKJeQ\nQanmeUwyPfTsPPiy+qmIuNczr+XGiElYbJRYGsqvWV6J8kuzqPDfEzUFlykfn/uO\n0ODzDC2h2OXP5DVinG77/w6HMm9nO9LSIjXErgM1ptP6cMBn1rO8hnP+slmaxugk\nCruxbSjgbwU157GKTTnwcqxcv1Dp4ufuGOL2oGMQfIfBRgC8ZnKOvprDPnlvpk+D\n8GIVpFRJL2djI1sCggEBAN8Q4yJcnhVWS80aExGWRhKUroW3bcT9wdcLjnXRXFsv\nLIU12BWg9pcfbYlH4CQ8FEfuFcGQdU2AOjA42GigD/Msf5j/GHSTqKI2egQN4Ys5\nNq2WM9uI9oA3pNns6HXCfqZ3LLD0Vq39Mo1JjCV53g+4vVInJPeG7xaQ47x8OKR3\ngBZDhXA8f+YH6jaDPu1qO2vwhzRR49k2IVW8CMZoUuHFHfuyGiK9NIfZvK7kZyI9\nCSSAwVoaVbLP+wUCPj2Cd5NzYyCRhLuFRTcCkRVa0W3RSwGzuWNCo9TPlVsK/Dbq\ngrwSGzXhyJD/PSzLtiMsQt7AIxoGGLZ2Nu5q5KgOHHkCggEBAOBstwJDQ2WQGNtG\n7LHVlPm9fQClq1NFBH92Ykmq6gzKOrq2n2rt4fcFk1aI2GuJqNmcEqdo4KHlL6q/\ndWVy+Yb9BNV1B2LwfqDm4lL1kRF04rQUtjBynQgGjbjpYuSUMI1iQdeCBhic9gIc\n3zTgi8IDckRfXqwcYCpLw41QzH5O4TyZ4SWMT8hTEHb6K3jHa7pG6PCyrQb02yg5\nwHwaK9uzxdafV6d+XYMPqfLdSlUEvpXzk0oaPsTKjqMuadkDZ96xukOASBnYScdR\n73PWXeNo6LXcBbG/Eg4q6RAHLmGEQu3c06HqkJHjG0w62nSJFlo5x8RhbOao84A8\ndd1bzf0CggEBAMGsAtkBuwthipzAR9AcPijByKk2cmr3u4X/dagbp2lQEwJxlnRo\n9dCOK+dmbVhohV9Serc9umsYquzVXiew2UhT2VE4Ir6MuXxlehjtCGd9vFiIseup\nBgSay1me1NHxlU7o5/eXnW6hCHQdaD3diozx5AZhEDqNgCaClAhBflhlnOM3qrKh\nBJbvRk4gM9GkS4VTJ8CoXQBpfBXZFXFWgKefIoI2x3Rj/Cj7RlQ+4MCcZ8S2uamG\ndeOzqglWQj3begCezXEohyrc8hRp+Rema3FCpzIKHirtYBtURCPw7LytbebmfZOR\nvjcONMog8LmnI0QNZCyjIG/DQbxNOMwkvFkCggEARBqP2LJHY8VQREYJhsT17EIF\n+pPBmVhBWfCIZP/Nuf/Jxk0IjqggT/xhNIQw7hm0HvLrwKKCMZbtSQGPydAjZcbF\ne/rCJtVGngWYqQ7o9IGOHN5U3ghl5/xAghNEvjJeOlIX7BEqPJ17QPeRG+HzdS6P\nKY08SSdHgZo75crvaRL49TCHRSst2LaHGR65lMaVMojDqymvePiV4a162DvBsAq5\nftjKruJBZ6A1w2vHJY3wvhcRbYqQIXhCaV8olEgDaQvd9Qv+qzhLYLa4o2htvG1X\ny5kaGpuYgJ2U/KsztndBPTE1yc53pjVIxTq0JUI4KrAvgvKHMvVAUtQpngWq8A==\n-----END RSA PRIVATE KEY-----\n",
            "public_key_fingerprint_md5": "b6:fe:cd:5f:86:db:81:cf:c0:f1:a6:9e:fb:b1:70:b5",
            "public_key_openssh": "ssh-rsa AAAAB3NzaC1yc2EAAAADAQABAAACAQDRuB4a7YiKgntUAjk+aNlqrUoXvYDJqei1vH9PkPGhkPl/eyYizMUzVVR3vulpGYVMseREc7eXG0ECZ6SZiRguUa2mxBJYoAGt/jPqLj6FPyVPp/vKjcXG5yrGLRimaBdUqY213HwOYAO4tUvIc72t2NlVGz1QEbow4q2YbeFN0ZyMK7JyqDpLw1cBr1y7nnAe1ePUK4ben0Ijo5Q5cYyeEOkkkXXdABJ9Vc99PfiUIDsbARhcUnGaZuqiNFjb6O3fdTpUT8Uu9KWdiIOrIIrNI4Z8+2Jc2wM/q3C1VVfuYemDQ/lTHkhVzoVviTraKbOPYQFslOWgFsAgHC2zYtoYk0NqSn/H+7aTjxZCtE4Jj2mdlmSbX+e1ucQbiSA4dBfq1Ub7vBBbpzlmgwSW5mSbC03kQ1j12Zc9gZdCjRM9MDeUjYiJ2s7kgVUSoFT6ruWRsNcTFrWd84cCVxMQYBphwXFaLwzoW6ZdVD8YvbQdZo8y/Kg0wOhDF7iokHlQIQrfKnOWHwA4LmPx1VVuhIwugu9lmbbAv4AXccTM4e7B0gN+kRMA4PWcy30u1NBQHg1UOgvFxB2me7Yf4oQGTLUa2h+pob1YlwS26HTKCy4xyEU3F9g0s6v5G0qoPRpCsp1t8fM8eu42ksewti9Q75mFzkigXBj723Ax0ahiXLOqAw==\n",
            "public_key_pem": "-----BEGIN PUBLIC KEY-----\nMIICIjANBgkqhkiG9w0BAQEFAAOCAg8AMIICCgKCAgEA0bgeGu2IioJ7VAI5PmjZ\naq1KF72Ayanotbx/T5DxoZD5f3smIszFM1VUd77paRmFTLHkRHO3lxtBAmekmYkY\nLlGtpsQSWKABrf4z6i4+hT8lT6f7yo3Fxucqxi0YpmgXVKmNtdx8DmADuLVLyHO9\nrdjZVRs9UBG6MOKtmG3hTdGcjCuycqg6S8NXAa9cu55wHtXj1CuG3p9CI6OUOXGM\nnhDpJJF13QASfVXPfT34lCA7GwEYXFJxmmbqojRY2+jt33U6VE/FLvSlnYiDqyCK\nzSOGfPtiXNsDP6twtVVX7mHpg0P5Ux5IVc6Fb4k62imzj2EBbJTloBbAIBwts2La\nGJNDakp/x/u2k48WQrROCY9pnZZkm1/ntbnEG4kgOHQX6tVG+7wQW6c5ZoMEluZk\nmwtN5ENY9dmXPYGXQo0TPTA3lI2IidrO5IFVEqBU+q7lkbDXExa1nfOHAlcTEGAa\nYcFxWi8M6FumXVQ/GL20HWaPMvyoNMDoQxe4qJB5UCEK3ypzlh8AOC5j8dVVboSM\nLoLvZZm2wL+AF3HEzOHuwdIDfpETAOD1nMt9LtTQUB4NVDoLxcQdpnu2H+KEBky1\nGtofqaG9WJcEtuh0ygsuMchFNxfYNLOr+RtKqD0aQrKdbfHzPHruNpLHsLYvUO+Z\nhc5IoFwY+9twMdGoYlyzqgMCAwEAAQ==\n-----END PUBLIC KEY-----\n",
            "rsa_bits": 4096
          },
          "private": "bnVsbA=="
        }
      ]
    }
  ]
}
